{
  "name": "yma-full",
  "version": "1.0.0",
  "lockfileVersion": 1,
  "requires": true,
  "dependencies": {
    "yma": {
      "version": "git+https://github.com/ndxbxrme/yma.git#96c08bb601b296618be4e995dfade7157afa75c0",
      "from": "git+https://github.com/ndxbxrme/yma.git"
    },
    "yma-core": {
      "version": "git+https://github.com/ndxbxrme/yma-core.git#f00e540309fcd020c35e261476ecdfa375dbb058",
      "from": "git+https://github.com/ndxbxrme/yma-core.git"
    }
  }
}
