{
  "name": "yma-full",
  "version": "1.0.0",
  "lockfileVersion": 1,
  "requires": true,
  "dependencies": {
    "yma": {
      "version": "git+https://github.com/ndxbxrme/yma.git#f5a2a0cc5217917f8ca8650b9dbc595dcd332b41",
      "from": "git+https://github.com/ndxbxrme/yma.git"
    },
    "yma-core": {
      "version": "git+https://github.com/ndxbxrme/yma-core.git#3d16d2f9cf229f14c2648ed086fa4b0bbb426061",
      "from": "git+https://github.com/ndxbxrme/yma-core.git"
    }
  }
}
